
Microsoft Visual Studio Solution File, Format Version 12.00
# Visual Studio 15
VisualStudioVersion = 15.0.28010.2046
MinimumVisualStudioVersion = 10.0.40219.1
Project("{FAE04EC0-301F-11D3-BF4B-00C04F79EFBC}") = "Inscripciones.Windows", "Inscripciones.Windows.csproj", "{E7AF89E1-DB95-4CEC-9A33-98EED23A7530}"
EndProject
Global
	GlobalSection(SolutionConfigurationPlatforms) = preSolution
		Debug|Any CPU = Debug|Any CPU
		Release|Any CPU = Release|Any CPU
	EndGlobalSection
	GlobalSection(ProjectConfigurationPlatforms) = postSolution
		{E7AF89E1-DB95-4CEC-9A33-98EED23A7530}.Debug|Any CPU.ActiveCfg = Debug|Any CPU
		{E7AF89E1-DB95-4CEC-9A33-98EED23A7530}.Debug|Any CPU.Build.0 = Debug|Any CPU
		{E7AF89E1-DB95-4CEC-9A33-98EED23A7530}.Release|Any CPU.ActiveCfg = Release|Any CPU
		{E7AF89E1-DB95-4CEC-9A33-98EED23A7530}.Release|Any CPU.Build.0 = Release|Any CPU
	EndGlobalSection
	GlobalSection(SolutionProperties) = preSolution
		HideSolutionNode = FALSE
	EndGlobalSection
	GlobalSection(ExtensibilityGlobals) = postSolution
		SolutionGuid = {5920AA61-8DF3-46FA-9627-EFAAA5107EEA}
	EndGlobalSection
EndGlobal
